
Microsoft Visual Studio Solution File, Format Version 12.00
# Visual Studio 15
VisualStudioVersion = 15.0.28307.329
MinimumVisualStudioVersion = 10.0.40219.1
Project("{FAE04EC0-301F-11D3-BF4B-00C04F79EFBC}") = "ActivitySelectionProblem", "ActivitySelectionProblem\ActivitySelectionProblem.csproj", "{D4D62B00-8AD4-4FE4-A3A4-5B399EF28442}"
EndProject
Global
	GlobalSection(SolutionConfigurationPlatforms) = preSolution
		Debug|Any CPU = Debug|Any CPU
		Release|Any CPU = Release|Any CPU
	EndGlobalSection
	GlobalSection(ProjectConfigurationPlatforms) = postSolution
		{D4D62B00-8AD4-4FE4-A3A4-5B399EF28442}.Debug|Any CPU.ActiveCfg = Debug|Any CPU
		{D4D62B00-8AD4-4FE4-A3A4-5B399EF28442}.Debug|Any CPU.Build.0 = Debug|Any CPU
		{D4D62B00-8AD4-4FE4-A3A4-5B399EF28442}.Release|Any CPU.ActiveCfg = Release|Any CPU
		{D4D62B00-8AD4-4FE4-A3A4-5B399EF28442}.Release|Any CPU.Build.0 = Release|Any CPU
	EndGlobalSection
	GlobalSection(SolutionProperties) = preSolution
		HideSolutionNode = FALSE
	EndGlobalSection
	GlobalSection(ExtensibilityGlobals) = postSolution
		SolutionGuid = {48B06D45-C26A-4A8E-9454-20125E4C4046}
	EndGlobalSection
EndGlobal
